// !$*UTF8*$!
{
	archiveVersion = 1;
	classes = {
	};
	objectVersion = 77;
	objects = {

/* Begin PBXBuildFile section */
		277DDF342D801A8100A5026C /* AppDelegate.swift in Sources */ = {isa = PBXBuildFile; fileRef = 277DDF292D801A8100A5026C /* AppDelegate.swift */; };
		277DDF372D801A8100A5026C /* Assets.xcassets in Resources */ = {isa = PBXBuildFile; fileRef = 277DDF2A2D801A8100A5026C /* Assets.xcassets */; };
		277DDF392D801A8100A5026C /* LaunchScreen.storyboard in Resources */ = {isa = PBXBuildFile; fileRef = 277DDF2D2D801A8100A5026C /* LaunchScreen.storyboard */; };
		277DDF3A2D801A8100A5026C /* Main.storyboard in Resources */ = {isa = PBXBuildFile; fileRef = 277DDF2F2D801A8100A5026C /* Main.storyboard */; };
		277DDF452D80292300A5026C /* AdSupport.framework in Frameworks */ = {isa = PBXBuildFile; fileRef = 277DDF442D80292300A5026C /* AdSupport.framework */; };
		277DDF4D2D80301000A5026C /* TestVC.swift in Sources */ = {isa = PBXBuildFile; fileRef = 277DDF4C2D80301000A5026C /* TestVC.swift */; };
		277DDF4F2D80301900A5026C /* TestVM.swift in Sources */ = {isa = PBXBuildFile; fileRef = 277DDF4E2D80301900A5026C /* TestVM.swift */; };
		277DDF512D80302400A5026C /* TestView.swift in Sources */ = {isa = PBXBuildFile; fileRef = 277DDF502D80302400A5026C /* TestView.swift */; };
		277DDF662D80451600A5026C /* ATools.framework in Frameworks */ = {isa = PBXBuildFile; fileRef = 277DDF652D80451600A5026C /* ATools.framework */; };
		277DDF672D80451600A5026C /* ATools.framework in Embed Frameworks */ = {isa = PBXBuildFile; fileRef = 277DDF652D80451600A5026C /* ATools.framework */; settings = {ATTRIBUTES = (CodeSignOnCopy, RemoveHeadersOnCopy, ); }; };
		277DDF692D80453000A5026C /* CommonFramework.framework in Frameworks */ = {isa = PBXBuildFile; fileRef = 277DDF682D80453000A5026C /* CommonFramework.framework */; };
		277DDF6A2D80453000A5026C /* CommonFramework.framework in Embed Frameworks */ = {isa = PBXBuildFile; fileRef = 277DDF682D80453000A5026C /* CommonFramework.framework */; settings = {ATTRIBUTES = (CodeSignOnCopy, RemoveHeadersOnCopy, ); }; };
/* End PBXBuildFile section */

/* Begin PBXContainerItemProxy section */
		2732DE342D7FD18400B84E69 /* PBXContainerItemProxy */ = {
			isa = PBXContainerItemProxy;
			containerPortal = 2732DE152D7FD18200B84E69 /* Project object */;
			proxyType = 1;
			remoteGlobalIDString = 2732DE1C2D7FD18200B84E69;
			remoteInfo = Standard;
		};
		2732DE3E2D7FD18400B84E69 /* PBXContainerItemProxy */ = {
			isa = PBXContainerItemProxy;
			containerPortal = 2732DE152D7FD18200B84E69 /* Project object */;
			proxyType = 1;
			remoteGlobalIDString = 2732DE1C2D7FD18200B84E69;
			remoteInfo = Standard;
		};
/* End PBXContainerItemProxy section */

/* Begin PBXCopyFilesBuildPhase section */
		277DDF642D8043C400A5026C /* Embed Frameworks */ = {
			isa = PBXCopyFilesBuildPhase;
			buildActionMask = 2147483647;
			dstPath = "";
			dstSubfolderSpec = 10;
			files = (
				277DDF6A2D80453000A5026C /* CommonFramework.framework in Embed Frameworks */,
				277DDF672D80451600A5026C /* ATools.framework in Embed Frameworks */,
			);
			name = "Embed Frameworks";
			runOnlyForDeploymentPostprocessing = 0;
		};
/* End PBXCopyFilesBuildPhase section */

/* Begin PBXFileReference section */
		2732DE1D2D7FD18200B84E69 /* Standard.app */ = {isa = PBXFileReference; explicitFileType = wrapper.application; includeInIndex = 0; path = Standard.app; sourceTree = BUILT_PRODUCTS_DIR; };
		2732DE332D7FD18400B84E69 /* StandardTests.xctest */ = {isa = PBXFileReference; explicitFileType = wrapper.cfbundle; includeInIndex = 0; path = StandardTests.xctest; sourceTree = BUILT_PRODUCTS_DIR; };
		2732DE3D2D7FD18400B84E69 /* StandardUITests.xctest */ = {isa = PBXFileReference; explicitFileType = wrapper.cfbundle; includeInIndex = 0; path = StandardUITests.xctest; sourceTree = BUILT_PRODUCTS_DIR; };
		277DDF292D801A8100A5026C /* AppDelegate.swift */ = {isa = PBXFileReference; lastKnownFileType = sourcecode.swift; path = AppDelegate.swift; sourceTree = "<group>"; };
		277DDF2A2D801A8100A5026C /* Assets.xcassets */ = {isa = PBXFileReference; lastKnownFileType = folder.assetcatalog; path = Assets.xcassets; sourceTree = "<group>"; };
		277DDF2B2D801A8100A5026C /* Info.plist */ = {isa = PBXFileReference; lastKnownFileType = text.plist.xml; path = Info.plist; sourceTree = "<group>"; };
		277DDF2C2D801A8100A5026C /* Base */ = {isa = PBXFileReference; lastKnownFileType = file.storyboard; name = Base; path = Base.lproj/LaunchScreen.storyboard; sourceTree = "<group>"; };
		277DDF2E2D801A8100A5026C /* Base */ = {isa = PBXFileReference; lastKnownFileType = file.storyboard; name = Base; path = Base.lproj/Main.storyboard; sourceTree = "<group>"; };
		277DDF442D80292300A5026C /* AdSupport.framework */ = {isa = PBXFileReference; lastKnownFileType = wrapper.framework; name = AdSupport.framework; path = System/Library/Frameworks/AdSupport.framework; sourceTree = SDKROOT; };
		277DDF4C2D80301000A5026C /* TestVC.swift */ = {isa = PBXFileReference; lastKnownFileType = sourcecode.swift; path = TestVC.swift; sourceTree = "<group>"; };
		277DDF4E2D80301900A5026C /* TestVM.swift */ = {isa = PBXFileReference; lastKnownFileType = sourcecode.swift; path = TestVM.swift; sourceTree = "<group>"; };
		277DDF502D80302400A5026C /* TestView.swift */ = {isa = PBXFileReference; lastKnownFileType = sourcecode.swift; path = TestView.swift; sourceTree = "<group>"; };
		277DDF652D80451600A5026C /* ATools.framework */ = {isa = PBXFileReference; explicitFileType = wrapper.framework; path = ATools.framework; sourceTree = BUILT_PRODUCTS_DIR; };
		277DDF682D80453000A5026C /* CommonFramework.framework */ = {isa = PBXFileReference; explicitFileType = wrapper.framework; path = CommonFramework.framework; sourceTree = BUILT_PRODUCTS_DIR; };
/* End PBXFileReference section */

/* Begin PBXFileSystemSynchronizedRootGroup section */
		2732DE362D7FD18400B84E69 /* StandardTests */ = {
			isa = PBXFileSystemSynchronizedRootGroup;
			path = StandardTests;
			sourceTree = "<group>";
		};
		2732DE402D7FD18400B84E69 /* StandardUITests */ = {
			isa = PBXFileSystemSynchronizedRootGroup;
			path = StandardUITests;
			sourceTree = "<group>";
		};
/* End PBXFileSystemSynchronizedRootGroup section */

/* Begin PBXFrameworksBuildPhase section */
		2732DE1A2D7FD18200B84E69 /* Frameworks */ = {
			isa = PBXFrameworksBuildPhase;
			buildActionMask = 2147483647;
			files = (
				277DDF692D80453000A5026C /* CommonFramework.framework in Frameworks */,
				277DDF452D80292300A5026C /* AdSupport.framework in Frameworks */,
				277DDF662D80451600A5026C /* ATools.framework in Frameworks */,
			);
			runOnlyForDeploymentPostprocessing = 0;
		};
		2732DE302D7FD18400B84E69 /* Frameworks */ = {
			isa = PBXFrameworksBuildPhase;
			buildActionMask = 2147483647;
			files = (
			);
			runOnlyForDeploymentPostprocessing = 0;
		};
		2732DE3A2D7FD18400B84E69 /* Frameworks */ = {
			isa = PBXFrameworksBuildPhase;
			buildActionMask = 2147483647;
			files = (
			);
			runOnlyForDeploymentPostprocessing = 0;
		};
/* End PBXFrameworksBuildPhase section */

/* Begin PBXGroup section */
		2732DE142D7FD18200B84E69 = {
			isa = PBXGroup;
			children = (
				277DDF322D801A8100A5026C /* Standard */,
				2732DE362D7FD18400B84E69 /* StandardTests */,
				2732DE402D7FD18400B84E69 /* StandardUITests */,
				277DDF432D80292200A5026C /* Frameworks */,
				2732DE1E2D7FD18200B84E69 /* Products */,
			);
			sourceTree = "<group>";
		};
		2732DE1E2D7FD18200B84E69 /* Products */ = {
			isa = PBXGroup;
			children = (
				2732DE1D2D7FD18200B84E69 /* Standard.app */,
				2732DE332D7FD18400B84E69 /* StandardTests.xctest */,
				2732DE3D2D7FD18400B84E69 /* StandardUITests.xctest */,
			);
			name = Products;
			sourceTree = "<group>";
		};
		277DDF322D801A8100A5026C /* Standard */ = {
			isa = PBXGroup;
			children = (
				277DDF292D801A8100A5026C /* AppDelegate.swift */,
				277DDF2A2D801A8100A5026C /* Assets.xcassets */,
				277DDF2B2D801A8100A5026C /* Info.plist */,
				277DDF2D2D801A8100A5026C /* LaunchScreen.storyboard */,
				277DDF2F2D801A8100A5026C /* Main.storyboard */,
				277DDF4C2D80301000A5026C /* TestVC.swift */,
				277DDF4E2D80301900A5026C /* TestVM.swift */,
				277DDF502D80302400A5026C /* TestView.swift */,
			);
			path = Standard;
			sourceTree = "<group>";
		};
		277DDF432D80292200A5026C /* Frameworks */ = {
			isa = PBXGroup;
			children = (
				277DDF682D80453000A5026C /* CommonFramework.framework */,
				277DDF652D80451600A5026C /* ATools.framework */,
				277DDF442D80292300A5026C /* AdSupport.framework */,
			);
			name = Frameworks;
			sourceTree = "<group>";
		};
/* End PBXGroup section */

/* Begin PBXNativeTarget section */
		2732DE1C2D7FD18200B84E69 /* Standard */ = {
			isa = PBXNativeTarget;
			buildConfigurationList = 2732DE462D7FD18400B84E69 /* Build configuration list for PBXNativeTarget "Standard" */;
			buildPhases = (
				2732DE192D7FD18200B84E69 /* Sources */,
				2732DE1A2D7FD18200B84E69 /* Frameworks */,
				2732DE1B2D7FD18200B84E69 /* Resources */,
				277DDF642D8043C400A5026C /* Embed Frameworks */,
			);
			buildRules = (
			);
			dependencies = (
			);
			name = Standard;
			packageProductDependencies = (
			);
			productName = Standard;
			productReference = 2732DE1D2D7FD18200B84E69 /* Standard.app */;
			productType = "com.apple.product-type.application";
		};
		2732DE322D7FD18400B84E69 /* StandardTests */ = {
			isa = PBXNativeTarget;
			buildConfigurationList = 2732DE4B2D7FD18400B84E69 /* Build configuration list for PBXNativeTarget "StandardTests" */;
			buildPhases = (
				2732DE2F2D7FD18400B84E69 /* Sources */,
				2732DE302D7FD18400B84E69 /* Frameworks */,
				2732DE312D7FD18400B84E69 /* Resources */,
			);
			buildRules = (
			);
			dependencies = (
				2732DE352D7FD18400B84E69 /* PBXTargetDependency */,
			);
			fileSystemSynchronizedGroups = (
				2732DE362D7FD18400B84E69 /* StandardTests */,
			);
			name = StandardTests;
			packageProductDependencies = (
			);
			productName = StandardTests;
			productReference = 2732DE332D7FD18400B84E69 /* StandardTests.xctest */;
			productType = "com.apple.product-type.bundle.unit-test";
		};
		2732DE3C2D7FD18400B84E69 /* StandardUITests */ = {
			isa = PBXNativeTarget;
			buildConfigurationList = 2732DE4E2D7FD18400B84E69 /* Build configuration list for PBXNativeTarget "StandardUITests" */;
			buildPhases = (
				2732DE392D7FD18400B84E69 /* Sources */,
				2732DE3A2D7FD18400B84E69 /* Frameworks */,
				2732DE3B2D7FD18400B84E69 /* Resources */,
			);
			buildRules = (
			);
			dependencies = (
				2732DE3F2D7FD18400B84E69 /* PBXTargetDependency */,
			);
			fileSystemSynchronizedGroups = (
				2732DE402D7FD18400B84E69 /* StandardUITests */,
			);
			name = StandardUITests;
			packageProductDependencies = (
			);
			productName = StandardUITests;
			productReference = 2732DE3D2D7FD18400B84E69 /* StandardUITests.xctest */;
			productType = "com.apple.product-type.bundle.ui-testing";
		};
/* End PBXNativeTarget section */

/* Begin PBXProject section */
		2732DE152D7FD18200B84E69 /* Project object */ = {
			isa = PBXProject;
			attributes = {
				BuildIndependentTargetsInParallel = 1;
				LastSwiftUpdateCheck = 1620;
				LastUpgradeCheck = 1620;
				TargetAttributes = {
					2732DE1C2D7FD18200B84E69 = {
						CreatedOnToolsVersion = 16.2;
					};
					2732DE322D7FD18400B84E69 = {
						CreatedOnToolsVersion = 16.2;
						TestTargetID = 2732DE1C2D7FD18200B84E69;
					};
					2732DE3C2D7FD18400B84E69 = {
						CreatedOnToolsVersion = 16.2;
						TestTargetID = 2732DE1C2D7FD18200B84E69;
					};
				};
			};
			buildConfigurationList = 2732DE182D7FD18200B84E69 /* Build configuration list for PBXProject "Standard" */;
			developmentRegion = en;
			hasScannedForEncodings = 0;
			knownRegions = (
				en,
				Base,
			);
			mainGroup = 2732DE142D7FD18200B84E69;
			minimizedProjectReferenceProxies = 1;
			preferredProjectObjectVersion = 77;
			productRefGroup = 2732DE1E2D7FD18200B84E69 /* Products */;
			projectDirPath = "";
			projectRoot = "";
			targets = (
				2732DE1C2D7FD18200B84E69 /* Standard */,
				2732DE322D7FD18400B84E69 /* StandardTests */,
				2732DE3C2D7FD18400B84E69 /* StandardUITests */,
			);
		};
/* End PBXProject section */

/* Begin PBXResourcesBuildPhase section */
		2732DE1B2D7FD18200B84E69 /* Resources */ = {
			isa = PBXResourcesBuildPhase;
			buildActionMask = 2147483647;
			files = (
				277DDF372D801A8100A5026C /* Assets.xcassets in Resources */,
				277DDF392D801A8100A5026C /* LaunchScreen.storyboard in Resources */,
				277DDF3A2D801A8100A5026C /* Main.storyboard in Resources */,
			);
			runOnlyForDeploymentPostprocessing = 0;
		};
		2732DE312D7FD18400B84E69 /* Resources */ = {
			isa = PBXResourcesBuildPhase;
			buildActionMask = 2147483647;
			files = (
			);
			runOnlyForDeploymentPostprocessing = 0;
		};
		2732DE3B2D7FD18400B84E69 /* Resources */ = {
			isa = PBXResourcesBuildPhase;
			buildActionMask = 2147483647;
			files = (
			);
			runOnlyForDeploymentPostprocessing = 0;
		};
/* End PBXResourcesBuildPhase section */

/* Begin PBXSourcesBuildPhase section */
		2732DE192D7FD18200B84E69 /* Sources */ = {
			isa = PBXSourcesBuildPhase;
			buildActionMask = 2147483647;
			files = (
				277DDF342D801A8100A5026C /* AppDelegate.swift in Sources */,
				277DDF512D80302400A5026C /* TestView.swift in Sources */,
				277DDF4D2D80301000A5026C /* TestVC.swift in Sources */,
				277DDF4F2D80301900A5026C /* TestVM.swift in Sources */,
			);
			runOnlyForDeploymentPostprocessing = 0;
		};
		2732DE2F2D7FD18400B84E69 /* Sources */ = {
			isa = PBXSourcesBuildPhase;
			buildActionMask = 2147483647;
			files = (
			);
			runOnlyForDeploymentPostprocessing = 0;
		};
		2732DE392D7FD18400B84E69 /* Sources */ = {
			isa = PBXSourcesBuildPhase;
			buildActionMask = 2147483647;
			files = (
			);
			runOnlyForDeploymentPostprocessing = 0;
		};
/* End PBXSourcesBuildPhase section */

/* Begin PBXTargetDependency section */
		2732DE352D7FD18400B84E69 /* PBXTargetDependency */ = {
			isa = PBXTargetDependency;
			target = 2732DE1C2D7FD18200B84E69 /* Standard */;
			targetProxy = 2732DE342D7FD18400B84E69 /* PBXContainerItemProxy */;
		};
		2732DE3F2D7FD18400B84E69 /* PBXTargetDependency */ = {
			isa = PBXTargetDependency;
			target = 2732DE1C2D7FD18200B84E69 /* Standard */;
			targetProxy = 2732DE3E2D7FD18400B84E69 /* PBXContainerItemProxy */;
		};
/* End PBXTargetDependency section */

/* Begin PBXVariantGroup section */
		277DDF2D2D801A8100A5026C /* LaunchScreen.storyboard */ = {
			isa = PBXVariantGroup;
			children = (
				277DDF2C2D801A8100A5026C /* Base */,
			);
			name = LaunchScreen.storyboard;
			sourceTree = "<group>";
		};
		277DDF2F2D801A8100A5026C /* Main.storyboard */ = {
			isa = PBXVariantGroup;
			children = (
				277DDF2E2D801A8100A5026C /* Base */,
			);
			name = Main.storyboard;
			sourceTree = "<group>";
		};
/* End PBXVariantGroup section */

/* Begin XCBuildConfiguration section */
		2732DE472D7FD18400B84E69 /* Debug */ = {
			isa = XCBuildConfiguration;
			buildSettings = {
				ASSETCATALOG_COMPILER_APPICON_NAME = AppIcon;
				ASSETCATALOG_COMPILER_GLOBAL_ACCENT_COLOR_NAME = AccentColor;
				CODE_SIGN_STYLE = Automatic;
				CURRENT_PROJECT_VERSION = 1;
				FRAMEWORK_SEARCH_PATHS = (
					"$(inherited)",
					"$(PROJECT_DIR)/Standard/frameworks",
				);
				GENERATE_INFOPLIST_FILE = YES;
				INFOPLIST_FILE = Standard/Info.plist;
				INFOPLIST_KEY_UIApplicationSupportsIndirectInputEvents = YES;
				INFOPLIST_KEY_UILaunchStoryboardName = LaunchScreen;
				INFOPLIST_KEY_UISupportedInterfaceOrientations_iPad = "UIInterfaceOrientationPortrait UIInterfaceOrientationPortraitUpsideDown UIInterfaceOrientationLandscapeLeft UIInterfaceOrientationLandscapeRight";
				INFOPLIST_KEY_UISupportedInterfaceOrientations_iPhone = "UIInterfaceOrientationPortrait UIInterfaceOrientationLandscapeLeft UIInterfaceOrientationLandscapeRight";
				IPHONEOS_DEPLOYMENT_TARGET = 14.0;
				LD_RUNPATH_SEARCH_PATHS = (
					"$(inherited)",
					"@executable_path/Frameworks",
				);
				MARKETING_VERSION = 1.0;
				PRODUCT_BUNDLE_IDENTIFIER = com.jzxstudio.Standard;
				PRODUCT_NAME = "$(TARGET_NAME)";
				SWIFT_EMIT_LOC_STRINGS = YES;
				SWIFT_VERSION = 5.0;
				TARGETED_DEVICE_FAMILY = "1,2";
			};
			name = Debug;
		};
		2732DE482D7FD18400B84E69 /* Release */ = {
			isa = XCBuildConfiguration;
			buildSettings = {
				ASSETCATALOG_COMPILER_APPICON_NAME = AppIcon;
				ASSETCATALOG_COMPILER_GLOBAL_ACCENT_COLOR_NAME = AccentColor;
				CODE_SIGN_STYLE = Automatic;
				CURRENT_PROJECT_VERSION = 1;
				FRAMEWORK_SEARCH_PATHS = (
					"$(inherited)",
					"$(PROJECT_DIR)/Standard/frameworks",
				);
				GENERATE_INFOPLIST_FILE = YES;
				INFOPLIST_FILE = Standard/Info.plist;
				INFOPLIST_KEY_UIApplicationSupportsIndirectInputEvents = YES;
				INFOPLIST_KEY_UILaunchStoryboardName = LaunchScreen;
				INFOPLIST_KEY_UISupportedInterfaceOrientations_iPad = "UIInterfaceOrientationPortrait UIInterfaceOrientationPortraitUpsideDown UIInterfaceOrientationLandscapeLeft UIInterfaceOrientationLandscapeRight";
				INFOPLIST_KEY_UISupportedInterfaceOrientations_iPhone = "UIInterfaceOrientationPortrait UIInterfaceOrientationLandscapeLeft UIInterfaceOrientationLandscapeRight";
				IPHONEOS_DEPLOYMENT_TARGET = 14.0;
				LD_RUNPATH_SEARCH_PATHS = (
					"$(inherited)",
					"@executable_path/Frameworks",
				);
				MARKETING_VERSION = 1.0;
				PRODUCT_BUNDLE_IDENTIFIER = com.jzxstudio.Standard;
				PRODUCT_NAME = "$(TARGET_NAME)";
				SWIFT_EMIT_LOC_STRINGS = YES;
				SWIFT_VERSION = 5.0;
				TARGETED_DEVICE_FAMILY = "1,2";
			};
			name = Release;
		};
		2732DE492D7FD18400B84E69 /* Debug */ = {
			isa = XCBuildConfiguration;
			buildSettings = {
				ALWAYS_SEARCH_USER_PATHS = NO;
				ASSETCATALOG_COMPILER_GENERATE_SWIFT_ASSET_SYMBOL_EXTENSIONS = YES;
				CLANG_ANALYZER_NONNULL = YES;
				CLANG_ANALYZER_NUMBER_OBJECT_CONVERSION = YES_AGGRESSIVE;
				CLANG_CXX_LANGUAGE_STANDARD = "gnu++20";
				CLANG_ENABLE_MODULES = YES;
				CLANG_ENABLE_OBJC_ARC = YES;
				CLANG_ENABLE_OBJC_WEAK = YES;
				CLANG_WARN_BLOCK_CAPTURE_AUTORELEASING = YES;
				CLANG_WARN_BOOL_CONVERSION = YES;
				CLANG_WARN_COMMA = YES;
				CLANG_WARN_CONSTANT_CONVERSION = YES;
				CLANG_WARN_DEPRECATED_OBJC_IMPLEMENTATIONS = YES;
				CLANG_WARN_DIRECT_OBJC_ISA_USAGE = YES_ERROR;
				CLANG_WARN_DOCUMENTATION_COMMENTS = YES;
				CLANG_WARN_EMPTY_BODY = YES;
				CLANG_WARN_ENUM_CONVERSION = YES;
				CLANG_WARN_INFINITE_RECURSION = YES;
				CLANG_WARN_INT_CONVERSION = YES;
				CLANG_WARN_NON_LITERAL_NULL_CONVERSION = YES;
				CLANG_WARN_OBJC_IMPLICIT_RETAIN_SELF = YES;
				CLANG_WARN_OBJC_LITERAL_CONVERSION = YES;
				CLANG_WARN_OBJC_ROOT_CLASS = YES_ERROR;
				CLANG_WARN_QUOTED_INCLUDE_IN_FRAMEWORK_HEADER = YES;
				CLANG_WARN_RANGE_LOOP_ANALYSIS = YES;
				CLANG_WARN_STRICT_PROTOTYPES = YES;
				CLANG_WARN_SUSPICIOUS_MOVE = YES;
				CLANG_WARN_UNGUARDED_AVAILABILITY = YES_AGGRESSIVE;
				CLANG_WARN_UNREACHABLE_CODE = YES;
				CLANG_WARN__DUPLICATE_METHOD_MATCH = YES;
				COPY_PHASE_STRIP = NO;
				DEBUG_INFORMATION_FORMAT = dwarf;
				ENABLE_STRICT_OBJC_MSGSEND = YES;
				ENABLE_TESTABILITY = YES;
				ENABLE_USER_SCRIPT_SANDBOXING = YES;
				GCC_C_LANGUAGE_STANDARD = gnu17;
				GCC_DYNAMIC_NO_PIC = NO;
				GCC_NO_COMMON_BLOCKS = YES;
				GCC_OPTIMIZATION_LEVEL = 0;
				GCC_PREPROCESSOR_DEFINITIONS = (
					"DEBUG=1",
					"$(inherited)",
				);
				GCC_WARN_64_TO_32_BIT_CONVERSION = YES;
				GCC_WARN_ABOUT_RETURN_TYPE = YES_ERROR;
				GCC_WARN_UNDECLARED_SELECTOR = YES;
				GCC_WARN_UNINITIALIZED_AUTOS = YES_AGGRESSIVE;
				GCC_WARN_UNUSED_FUNCTION = YES;
				GCC_WARN_UNUSED_VARIABLE = YES;
				IPHONEOS_DEPLOYMENT_TARGET = 18.2;
				LOCALIZATION_PREFERS_STRING_CATALOGS = YES;
				MTL_ENABLE_DEBUG_INFO = INCLUDE_SOURCE;
				MTL_FAST_MATH = YES;
				ONLY_ACTIVE_ARCH = YES;
				SDKROOT = iphoneos;
				SWIFT_ACTIVE_COMPILATION_CONDITIONS = "DEBUG $(inherited)";
				SWIFT_OPTIMIZATION_LEVEL = "-Onone";
			};
			name = Debug;
		};
		2732DE4A2D7FD18400B84E69 /* Release */ = {
			isa = XCBuildConfiguration;
			buildSettings = {
				ALWAYS_SEARCH_USER_PATHS = NO;
				ASSETCATALOG_COMPILER_GENERATE_SWIFT_ASSET_SYMBOL_EXTENSIONS = YES;
				CLANG_ANALYZER_NONNULL = YES;
				CLANG_ANALYZER_NUMBER_OBJECT_CONVERSION = YES_AGGRESSIVE;
				CLANG_CXX_LANGUAGE_STANDARD = "gnu++20";
				CLANG_ENABLE_MODULES = YES;
				CLANG_ENABLE_OBJC_ARC = YES;
				CLANG_ENABLE_OBJC_WEAK = YES;
				CLANG_WARN_BLOCK_CAPTURE_AUTORELEASING = YES;
				CLANG_WARN_BOOL_CONVERSION = YES;
				CLANG_WARN_COMMA = YES;
				CLANG_WARN_CONSTANT_CONVERSION = YES;
				CLANG_WARN_DEPRECATED_OBJC_IMPLEMENTATIONS = YES;
				CLANG_WARN_DIRECT_OBJC_ISA_USAGE = YES_ERROR;
				CLANG_WARN_DOCUMENTATION_COMMENTS = YES;
				CLANG_WARN_EMPTY_BODY = YES;
				CLANG_WARN_ENUM_CONVERSION = YES;
				CLANG_WARN_INFINITE_RECURSION = YES;
				CLANG_WARN_INT_CONVERSION = YES;
				CLANG_WARN_NON_LITERAL_NULL_CONVERSION = YES;
				CLANG_WARN_OBJC_IMPLICIT_RETAIN_SELF = YES;
				CLANG_WARN_OBJC_LITERAL_CONVERSION = YES;
				CLANG_WARN_OBJC_ROOT_CLASS = YES_ERROR;
				CLANG_WARN_QUOTED_INCLUDE_IN_FRAMEWORK_HEADER = YES;
				CLANG_WARN_RANGE_LOOP_ANALYSIS = YES;
				CLANG_WARN_STRICT_PROTOTYPES = YES;
				CLANG_WARN_SUSPICIOUS_MOVE = YES;
				CLANG_WARN_UNGUARDED_AVAILABILITY = YES_AGGRESSIVE;
				CLANG_WARN_UNREACHABLE_CODE = YES;
				CLANG_WARN__DUPLICATE_METHOD_MATCH = YES;
				COPY_PHASE_STRIP = NO;
				DEBUG_INFORMATION_FORMAT = "dwarf-with-dsym";
				ENABLE_NS_ASSERTIONS = NO;
				ENABLE_STRICT_OBJC_MSGSEND = YES;
				ENABLE_USER_SCRIPT_SANDBOXING = YES;
				GCC_C_LANGUAGE_STANDARD = gnu17;
				GCC_NO_COMMON_BLOCKS = YES;
				GCC_WARN_64_TO_32_BIT_CONVERSION = YES;
				GCC_WARN_ABOUT_RETURN_TYPE = YES_ERROR;
				GCC_WARN_UNDECLARED_SELECTOR = YES;
				GCC_WARN_UNINITIALIZED_AUTOS = YES_AGGRESSIVE;
				GCC_WARN_UNUSED_FUNCTION = YES;
				GCC_WARN_UNUSED_VARIABLE = YES;
				IPHONEOS_DEPLOYMENT_TARGET = 18.2;
				LOCALIZATION_PREFERS_STRING_CATALOGS = YES;
				MTL_ENABLE_DEBUG_INFO = NO;
				MTL_FAST_MATH = YES;
				SDKROOT = iphoneos;
				SWIFT_COMPILATION_MODE = wholemodule;
				VALIDATE_PRODUCT = YES;
			};
			name = Release;
		};
		2732DE4C2D7FD18400B84E69 /* Debug */ = {
			isa = XCBuildConfiguration;
			buildSettings = {
				BUNDLE_LOADER = "$(TEST_HOST)";
				CODE_SIGN_STYLE = Automatic;
				CURRENT_PROJECT_VERSION = 1;
				GENERATE_INFOPLIST_FILE = YES;
				IPHONEOS_DEPLOYMENT_TARGET = 18.2;
				MARKETING_VERSION = 1.0;
				PRODUCT_BUNDLE_IDENTIFIER = com.jzxstudio.StandardTests;
				PRODUCT_NAME = "$(TARGET_NAME)";
				SWIFT_EMIT_LOC_STRINGS = NO;
				SWIFT_VERSION = 5.0;
				TARGETED_DEVICE_FAMILY = "1,2";
				TEST_HOST = "$(BUILT_PRODUCTS_DIR)/Standard.app/$(BUNDLE_EXECUTABLE_FOLDER_PATH)/Standard";
			};
			name = Debug;
		};
		2732DE4D2D7FD18400B84E69 /* Release */ = {
			isa = XCBuildConfiguration;
			buildSettings = {
				BUNDLE_LOADER = "$(TEST_HOST)";
				CODE_SIGN_STYLE = Automatic;
				CURRENT_PROJECT_VERSION = 1;
				GENERATE_INFOPLIST_FILE = YES;
				IPHONEOS_DEPLOYMENT_TARGET = 18.2;
				MARKETING_VERSION = 1.0;
				PRODUCT_BUNDLE_IDENTIFIER = com.jzxstudio.StandardTests;
				PRODUCT_NAME = "$(TARGET_NAME)";
				SWIFT_EMIT_LOC_STRINGS = NO;
				SWIFT_VERSION = 5.0;
				TARGETED_DEVICE_FAMILY = "1,2";
				TEST_HOST = "$(BUILT_PRODUCTS_DIR)/Standard.app/$(BUNDLE_EXECUTABLE_FOLDER_PATH)/Standard";
			};
			name = Release;
		};
		2732DE4F2D7FD18400B84E69 /* Debug */ = {
			isa = XCBuildConfiguration;
			buildSettings = {
				CODE_SIGN_STYLE = Automatic;
				CURRENT_PROJECT_VERSION = 1;
				GENERATE_INFOPLIST_FILE = YES;
				MARKETING_VERSION = 1.0;
				PRODUCT_BUNDLE_IDENTIFIER = com.jzxstudio.StandardUITests;
				PRODUCT_NAME = "$(TARGET_NAME)";
				SWIFT_EMIT_LOC_STRINGS = NO;
				SWIFT_VERSION = 5.0;
				TARGETED_DEVICE_FAMILY = "1,2";
				TEST_TARGET_NAME = Standard;
			};
			name = Debug;
		};
		2732DE502D7FD18400B84E69 /* Release */ = {
			isa = XCBuildConfiguration;
			buildSettings = {
				CODE_SIGN_STYLE = Automatic;
				CURRENT_PROJECT_VERSION = 1;
				GENERATE_INFOPLIST_FILE = YES;
				MARKETING_VERSION = 1.0;
				PRODUCT_BUNDLE_IDENTIFIER = com.jzxstudio.StandardUITests;
				PRODUCT_NAME = "$(TARGET_NAME)";
				SWIFT_EMIT_LOC_STRINGS = NO;
				SWIFT_VERSION = 5.0;
				TARGETED_DEVICE_FAMILY = "1,2";
				TEST_TARGET_NAME = Standard;
			};
			name = Release;
		};
/* End XCBuildConfiguration section */

/* Begin XCConfigurationList section */
		2732DE182D7FD18200B84E69 /* Build configuration list for PBXProject "Standard" */ = {
			isa = XCConfigurationList;
			buildConfigurations = (
				2732DE492D7FD18400B84E69 /* Debug */,
				2732DE4A2D7FD18400B84E69 /* Release */,
			);
			defaultConfigurationIsVisible = 0;
			defaultConfigurationName = Release;
		};
		2732DE462D7FD18400B84E69 /* Build configuration list for PBXNativeTarget "Standard" */ = {
			isa = XCConfigurationList;
			buildConfigurations = (
				2732DE472D7FD18400B84E69 /* Debug */,
				2732DE482D7FD18400B84E69 /* Release */,
			);
			defaultConfigurationIsVisible = 0;
			defaultConfigurationName = Release;
		};
		2732DE4B2D7FD18400B84E69 /* Build configuration list for PBXNativeTarget "StandardTests" */ = {
			isa = XCConfigurationList;
			buildConfigurations = (
				2732DE4C2D7FD18400B84E69 /* Debug */,
				2732DE4D2D7FD18400B84E69 /* Release */,
			);
			defaultConfigurationIsVisible = 0;
			defaultConfigurationName = Release;
		};
		2732DE4E2D7FD18400B84E69 /* Build configuration list for PBXNativeTarget "StandardUITests" */ = {
			isa = XCConfigurationList;
			buildConfigurations = (
				2732DE4F2D7FD18400B84E69 /* Debug */,
				2732DE502D7FD18400B84E69 /* Release */,
			);
			defaultConfigurationIsVisible = 0;
			defaultConfigurationName = Release;
		};
/* End XCConfigurationList section */
	};
	rootObject = 2732DE152D7FD18200B84E69 /* Project object */;
}
