{
  "originHash" : "110485c9cfbe2cd66e25da54b3af2d8c1786c149ee99c60771631ad5f4838bd6",
  "pins" : [
    {
      "identity" : "debugswift",
      "kind" : "remoteSourceControl",
      "location" : "https://githubfast.com/DebugSwift/DebugSwift.git",
      "state" : {
        "revision" : "a5cdece2984da5c26cb9a7c57f9c9533b8eea0d3",
        "version" : "0.3.9"
      }
    },
    {
      "identity" : "lifetimetracker",
      "kind" : "remoteSourceControl",
      "location" : "https://githubfast.com/krzysztofzablocki/LifetimeTracker",
      "state" : {
        "revision" : "fccc98aae719f6615d1f0cfd8f5e60f3888bdf62",
        "version" : "1.8.4"
      }
    }
  ],
  "version" : 3
}
